
Microsoft Visual Studio Solution File, Format Version 12.00
# Visual Studio Version 17
VisualStudioVersion = 17.7.34024.191
MinimumVisualStudioVersion = 10.0.40219.1
Project("{FAE04EC0-301F-11D3-BF4B-00C04F79EFBC}") = "4. LAB1 Task Mirror", "4. LAB1 Task Mirror.csproj", "{58DD3281-EEBE-4733-A4DE-BA6CC21A469B}"
EndProject
Global
	GlobalSection(SolutionConfigurationPlatforms) = preSolution
		Debug|Any CPU = Debug|Any CPU
		Release|Any CPU = Release|Any CPU
	EndGlobalSection
	GlobalSection(ProjectConfigurationPlatforms) = postSolution
		{58DD3281-EEBE-4733-A4DE-BA6CC21A469B}.Debug|Any CPU.ActiveCfg = Debug|Any CPU
		{58DD3281-EEBE-4733-A4DE-BA6CC21A469B}.Debug|Any CPU.Build.0 = Debug|Any CPU
		{58DD3281-EEBE-4733-A4DE-BA6CC21A469B}.Release|Any CPU.ActiveCfg = Release|Any CPU
		{58DD3281-EEBE-4733-A4DE-BA6CC21A469B}.Release|Any CPU.Build.0 = Release|Any CPU
	EndGlobalSection
	GlobalSection(SolutionProperties) = preSolution
		HideSolutionNode = FALSE
	EndGlobalSection
	GlobalSection(ExtensibilityGlobals) = postSolution
		SolutionGuid = {A9E549DA-FD6F-40F9-8B11-F84FA496DD93}
	EndGlobalSection
EndGlobal
