
Microsoft Visual Studio Solution File, Format Version 12.00
# Visual Studio Version 17
VisualStudioVersion = 17.7.34024.191
MinimumVisualStudioVersion = 10.0.40219.1
Project("{FAE04EC0-301F-11D3-BF4B-00C04F79EFBC}") = "1. LAB1 Task Circle", "1. LAB1 Task Circle.csproj", "{DAFD389A-ED0C-4D78-A661-1A45148AA035}"
EndProject
Global
	GlobalSection(SolutionConfigurationPlatforms) = preSolution
		Debug|Any CPU = Debug|Any CPU
		Release|Any CPU = Release|Any CPU
	EndGlobalSection
	GlobalSection(ProjectConfigurationPlatforms) = postSolution
		{DAFD389A-ED0C-4D78-A661-1A45148AA035}.Debug|Any CPU.ActiveCfg = Debug|Any CPU
		{DAFD389A-ED0C-4D78-A661-1A45148AA035}.Debug|Any CPU.Build.0 = Debug|Any CPU
		{DAFD389A-ED0C-4D78-A661-1A45148AA035}.Release|Any CPU.ActiveCfg = Release|Any CPU
		{DAFD389A-ED0C-4D78-A661-1A45148AA035}.Release|Any CPU.Build.0 = Release|Any CPU
	EndGlobalSection
	GlobalSection(SolutionProperties) = preSolution
		HideSolutionNode = FALSE
	EndGlobalSection
	GlobalSection(ExtensibilityGlobals) = postSolution
		SolutionGuid = {4EFFF51C-9AD1-476C-8D4C-12A055751758}
	EndGlobalSection
EndGlobal
